
Microsoft Visual Studio Solution File, Format Version 12.00
# Visual Studio Version 16
VisualStudioVersion = 16.0.31624.102
MinimumVisualStudioVersion = 10.0.40219.1
Project("{FAE04EC0-301F-11D3-BF4B-00C04F79EFBC}") = "DoAn", "DoAn\DoAn.csproj", "{F17E84EA-AC50-4AFC-B3A0-587DDD2605EF}"
EndProject
Global
	GlobalSection(SolutionConfigurationPlatforms) = preSolution
		Debug|Any CPU = Debug|Any CPU
		Release|Any CPU = Release|Any CPU
	EndGlobalSection
	GlobalSection(ProjectConfigurationPlatforms) = postSolution
		{F17E84EA-AC50-4AFC-B3A0-587DDD2605EF}.Debug|Any CPU.ActiveCfg = Debug|Any CPU
		{F17E84EA-AC50-4AFC-B3A0-587DDD2605EF}.Debug|Any CPU.Build.0 = Debug|Any CPU
		{F17E84EA-AC50-4AFC-B3A0-587DDD2605EF}.Release|Any CPU.ActiveCfg = Release|Any CPU
		{F17E84EA-AC50-4AFC-B3A0-587DDD2605EF}.Release|Any CPU.Build.0 = Release|Any CPU
	EndGlobalSection
	GlobalSection(SolutionProperties) = preSolution
		HideSolutionNode = FALSE
	EndGlobalSection
	GlobalSection(ExtensibilityGlobals) = postSolution
		SolutionGuid = {EACC1ECC-32B6-43BA-9A5F-8301FF3933BD}
	EndGlobalSection
EndGlobal
